
Microsoft Visual Studio Solution File, Format Version 12.00
# Visual Studio 15
VisualStudioVersion = 15.0.28307.572
MinimumVisualStudioVersion = 10.0.40219.1
Project("{FAE04EC0-301F-11D3-BF4B-00C04F79EFBC}") = "ReservaSalas", "ReservaSalas\ReservaSalas.csproj", "{5B1698F0-C59B-4F91-9E8D-A409080DF2EE}"
EndProject
Project("{FAE04EC0-301F-11D3-BF4B-00C04F79EFBC}") = "ReservaSalas.Repository", "ReservaSalas.Repository\ReservaSalas.Repository.csproj", "{2199D24C-FF24-43EF-952E-92543249D2F6}"
EndProject
Project("{FAE04EC0-301F-11D3-BF4B-00C04F79EFBC}") = "ReservaSalas.Domain", "ReservaSalas.Domain\ReservaSalas.Domain.csproj", "{5130D03B-7AF3-4A6B-BB56-1888E27407D3}"
EndProject
Global
	GlobalSection(SolutionConfigurationPlatforms) = preSolution
		Debug|Any CPU = Debug|Any CPU
		Release|Any CPU = Release|Any CPU
	EndGlobalSection
	GlobalSection(ProjectConfigurationPlatforms) = postSolution
		{5B1698F0-C59B-4F91-9E8D-A409080DF2EE}.Debug|Any CPU.ActiveCfg = Debug|Any CPU
		{5B1698F0-C59B-4F91-9E8D-A409080DF2EE}.Debug|Any CPU.Build.0 = Debug|Any CPU
		{5B1698F0-C59B-4F91-9E8D-A409080DF2EE}.Release|Any CPU.ActiveCfg = Release|Any CPU
		{5B1698F0-C59B-4F91-9E8D-A409080DF2EE}.Release|Any CPU.Build.0 = Release|Any CPU
		{2199D24C-FF24-43EF-952E-92543249D2F6}.Debug|Any CPU.ActiveCfg = Debug|Any CPU
		{2199D24C-FF24-43EF-952E-92543249D2F6}.Debug|Any CPU.Build.0 = Debug|Any CPU
		{2199D24C-FF24-43EF-952E-92543249D2F6}.Release|Any CPU.ActiveCfg = Release|Any CPU
		{2199D24C-FF24-43EF-952E-92543249D2F6}.Release|Any CPU.Build.0 = Release|Any CPU
		{5130D03B-7AF3-4A6B-BB56-1888E27407D3}.Debug|Any CPU.ActiveCfg = Debug|Any CPU
		{5130D03B-7AF3-4A6B-BB56-1888E27407D3}.Debug|Any CPU.Build.0 = Debug|Any CPU
		{5130D03B-7AF3-4A6B-BB56-1888E27407D3}.Release|Any CPU.ActiveCfg = Release|Any CPU
		{5130D03B-7AF3-4A6B-BB56-1888E27407D3}.Release|Any CPU.Build.0 = Release|Any CPU
	EndGlobalSection
	GlobalSection(SolutionProperties) = preSolution
		HideSolutionNode = FALSE
	EndGlobalSection
	GlobalSection(ExtensibilityGlobals) = postSolution
		SolutionGuid = {B2E00E6E-BB19-4909-A1DB-65533A0B43B1}
	EndGlobalSection
EndGlobal
